
Microsoft Visual Studio Solution File, Format Version 12.00
# Visual Studio 15
VisualStudioVersion = 15.0.27130.2010
MinimumVisualStudioVersion = 10.0.40219.1
Project("{888888A0-9F3D-457C-B088-3A5042F75D52}") = "PythonLearning", "PythonLearning\PythonLearning.pyproj", "{4035699A-608A-4A2C-B15F-5BBFFBB696DD}"
EndProject
Global
	GlobalSection(SolutionConfigurationPlatforms) = preSolution
		Debug|Any CPU = Debug|Any CPU
		Release|Any CPU = Release|Any CPU
	EndGlobalSection
	GlobalSection(ProjectConfigurationPlatforms) = postSolution
		{4035699A-608A-4A2C-B15F-5BBFFBB696DD}.Debug|Any CPU.ActiveCfg = Debug|Any CPU
		{4035699A-608A-4A2C-B15F-5BBFFBB696DD}.Release|Any CPU.ActiveCfg = Release|Any CPU
	EndGlobalSection
	GlobalSection(SolutionProperties) = preSolution
		HideSolutionNode = FALSE
	EndGlobalSection
	GlobalSection(ExtensibilityGlobals) = postSolution
		SolutionGuid = {E7BBDB76-C2DA-4322-82CF-C15E5122CA8F}
	EndGlobalSection
EndGlobal
